# This file is @generated by PDM.
# It is not intended for manual editing.

[[package]]
name = "click"
version = "8.1.3"
requires_python = ">=3.7"
summary = "Composable command line interface toolkit"
dependencies = [
    "colorama; platform_system == \"Windows\"",
]

[[package]]
name = "colorama"
version = "0.4.6"
requires_python = "!=3.0.*,!=3.1.*,!=3.2.*,!=3.3.*,!=3.4.*,!=3.5.*,!=3.6.*,>=2.7"
summary = "Cross-platform colored terminal text."

[[package]]
name = "pkg-core"
version = "0.1.0"
requires_python = ">=3.8"
path = "./packages/pkg-core"
summary = "Core utilities"
dependencies = [
    "click",
]

[[package]]
name = "pkg-core"
version = "0.1.0"
extras = ["cli"]
requires_python = ">=3.8"
path = "./packages/pkg-core"
summary = "Core utilities"
dependencies = [
    "click",
    "click",
    "click",
    "pkg-core @ file:///Users/fming/wkspace/github/pdm-example-monorepo/packages/pkg-first/../pkg-core",
]

[[package]]
name = "pkg-core"
version = "0.1.0"
extras = ["http"]
requires_python = ">=3.8"
path = "./packages/pkg-core"
summary = "Core utilities"
dependencies = [
    "pkg-core @ file:///Users/fming/wkspace/github/pdm-example-monorepo/packages/pkg-second/../pkg-core",
    "urllib3",
    "urllib3",
    "urllib3",
    "urllib3",
]

[[package]]
name = "pkg-first"
version = "0.1.0"
requires_python = ">=3.8"
path = "./packages/pkg-first"
summary = "First package"
dependencies = [
    "pkg-core[cli] @ file:///Users/fming/wkspace/github/pdm-example-monorepo/packages/pkg-first/../pkg-core",
]

[[package]]
name = "pkg-second"
version = "0.1.0"
requires_python = ">=3.8"
path = "./packages/pkg-second"
summary = "Second package"
dependencies = [
    "pkg-core[http] @ file:///Users/fming/wkspace/github/pdm-example-monorepo/packages/pkg-second/../pkg-core",
]

[[package]]
name = "urllib3"
version = "1.26.15"
requires_python = ">=2.7, !=3.0.*, !=3.1.*, !=3.2.*, !=3.3.*, !=3.4.*, !=3.5.*"
summary = "HTTP library with thread-safe connection pooling, file post, and more."

[metadata]
lock_version = "4.2"
groups = ["default"]
content_hash = "sha256:8a2700a5403f8eb23927e0ea3902abff24147569c4164155b8302fa384688d38"

[metadata.files]
"click 8.1.3" = [
    {url = "https://files.pythonhosted.org/packages/59/87/84326af34517fca8c58418d148f2403df25303e02736832403587318e9e8/click-8.1.3.tar.gz", hash = "sha256:7682dc8afb30297001674575ea00d1814d808d6a36af415a82bd481d37ba7b8e"},
    {url = "https://files.pythonhosted.org/packages/c2/f1/df59e28c642d583f7dacffb1e0965d0e00b218e0186d7858ac5233dce840/click-8.1.3-py3-none-any.whl", hash = "sha256:bb4d8133cb15a609f44e8213d9b391b0809795062913b383c62be0ee95b1db48"},
]
"colorama 0.4.6" = [
    {url = "https://files.pythonhosted.org/packages/d1/d6/3965ed04c63042e047cb6a3e6ed1a63a35087b6a609aa3a15ed8ac56c221/colorama-0.4.6-py2.py3-none-any.whl", hash = "sha256:4f1d9991f5acc0ca119f9d443620b77f9d6b33703e51011c16baf57afb285fc6"},
    {url = "https://files.pythonhosted.org/packages/d8/53/6f443c9a4a8358a93a6792e2acffb9d9d5cb0a5cfd8802644b7b1c9a02e4/colorama-0.4.6.tar.gz", hash = "sha256:08695f5cb7ed6e0531a20572697297273c47b8cae5a63ffc6d6ed5c201be6e44"},
]
"urllib3 1.26.15" = [
    {url = "https://files.pythonhosted.org/packages/21/79/6372d8c0d0641b4072889f3ff84f279b738cd8595b64c8e0496d4e848122/urllib3-1.26.15.tar.gz", hash = "sha256:8a388717b9476f934a21484e8c8e61875ab60644d29b9b39e11e4b9dc1c6b305"},
    {url = "https://files.pythonhosted.org/packages/7b/f5/890a0baca17a61c1f92f72b81d3c31523c99bec609e60c292ea55b387ae8/urllib3-1.26.15-py2.py3-none-any.whl", hash = "sha256:aa751d169e23c7479ce47a0cb0da579e3ede798f994f5816a74e4f4500dcea42"},
]
